<?xml version="1.0" encoding="utf-8"?>
<Project ToolsVersion="4.0" xmlns="http://schemas.microsoft.com/developer/msbuild/2003">
  <ItemGroup>
    <Filter Include="Resource Files">
      <UniqueIdentifier>{67DA6AB6-F800-4c08-8B7A-83BB121AAD01}</UniqueIdentifier>
      <Extensions>rc;ico;cur;bmp;dlg;rc2;rct;bin;rgs;gif;jpg;jpeg;jpe;resx;tiff;tif;png;wav;mfcribbon-ms</Extensions>
    </Filter>
    <Filter Include="Engine">
      <UniqueIdentifier>{a05b2343-b6e1-494d-a5fa-0e89ca2316e4}</UniqueIdentifier>
    </Filter>
    <Filter Include="Engine\Input">
      <UniqueIdentifier>{d7b5fe00-cd46-48dd-b387-66835fbbc685}</UniqueIdentifier>
    </Filter>
    <Filter Include="Engine\Core">
      <UniqueIdentifier>{97bddd84-6e41-4d40-b64f-81ba38c7aef3}</UniqueIdentifier>
    </Filter>
    <Filter Include="Engine\Audio">
      <UniqueIdentifier>{b43886b1-981a-47f4-94a8-7da37631976f}</UniqueIdentifier>
      <Extensions>
      </Extensions>
    </Filter>
    <Filter Include="Engine\Renderer">
      <UniqueIdentifier>{e0f79a93-fb67-440a-960d-3a4de03f62e8}</UniqueIdentifier>
    </Filter>
    <Filter Include="Engine\Utility">
      <UniqueIdentifier>{c8935675-dcb5-4e69-8687-f39de7b1001a}</UniqueIdentifier>
    </Filter>
    <Filter Include="Source Files">
      <UniqueIdentifier>{4FC737F1-C7A5-4376-A066-2A32D752A2FF}</UniqueIdentifier>
      <Extensions>cpp;c;cc;cxx;def;odl;idl;hpj;bat;asm;asmx</Extensions>
    </Filter>
    <Filter Include="Engine\Testing">
      <UniqueIdentifier>{fbc2e09e-fe26-4007-9042-d43530dddfdf}</UniqueIdentifier>
    </Filter>
  </ItemGroup>
  <ItemGroup>
    <ClCompile Include="Code\Game.cpp">
      <Filter>Engine</Filter>
    </ClCompile>
    <ClCompile Include="Code\Engine\Audio\Music.cpp">
      <Filter>Engine\Audio</Filter>
    </ClCompile>
    <ClCompile Include="Code\Engine\Audio\Sound.cpp">
      <Filter>Engine\Audio</Filter>
    </ClCompile>
    <ClCompile Include="Code\Engine\Input\Input.cpp">
      <Filter>Engine\Input</Filter>
    </ClCompile>
    <ClCompile Include="Code\Engine\Renderer\Renderer.cpp">
      <Filter>Engine\Renderer</Filter>
    </ClCompile>
    <ClCompile Include="Code\Engine\Renderer\RenderLayer.cpp">
      <Filter>Engine\Renderer</Filter>
    </ClCompile>
    <ClCompile Include="Code\Engine\Renderer\SpriteRenderer.cpp">
      <Filter>Engine\Renderer</Filter>
    </ClCompile>
    <ClCompile Include="Code\Engine\Renderer\TextRenderer.cpp">
      <Filter>Engine\Renderer</Filter>
    </ClCompile>
    <ClCompile Include="Code\Engine\Utility\aMath.cpp">
      <Filter>Engine\Utility</Filter>
    </ClCompile>
    <ClCompile Include="Code\Engine\Utility\Config.cpp">
      <Filter>Engine\Utility</Filter>
    </ClCompile>
    <ClCompile Include="Code\Engine\Utility\ResourceManager.cpp">
      <Filter>Engine\Utility</Filter>
    </ClCompile>
    <ClCompile Include="Code\Engine\Utility\Time.cpp">
      <Filter>Engine\Utility</Filter>
    </ClCompile>
    <ClCompile Include="Code\Engine\Utility\Vector2.cpp">
      <Filter>Engine\Utility</Filter>
    </ClCompile>
    <ClCompile Include="Code\Engine\Utility\Vector3.cpp">
      <Filter>Engine\Utility</Filter>
    </ClCompile>
    <ClCompile Include="Code\Engine\GameObject.cpp">
      <Filter>Engine\Core</Filter>
    </ClCompile>
    <ClCompile Include="Code\Engine\Scene.cpp">
      <Filter>Engine\Core</Filter>
    </ClCompile>
    <ClCompile Include="Code\Engine\Transform.cpp">
      <Filter>Engine\Core</Filter>
    </ClCompile>
    <ClCompile Include="Code\Engine\Renderer\Texture.cpp">
      <Filter>Engine\Renderer</Filter>
    </ClCompile>
    <ClCompile Include="Code\Engine\Renderer\Window.cpp">
      <Filter>Engine\Renderer</Filter>
    </ClCompile>
    <ClCompile Include="Code\Engine\Renderer\Camera.cpp">
      <Filter>Engine\Renderer</Filter>
    </ClCompile>
  </ItemGroup>
  <ItemGroup>
    <ClInclude Include="Code\Testing\RotatingComponent.h">
      <Filter>Engine\Testing</Filter>
    </ClInclude>
    <ClInclude Include="Code\Engine\Audio\Music.h">
      <Filter>Engine\Audio</Filter>
    </ClInclude>
    <ClInclude Include="Code\Engine\Audio\Sound.h">
      <Filter>Engine\Audio</Filter>
    </ClInclude>
    <ClInclude Include="Code\Engine\Input\Controller.h">
      <Filter>Engine\Input</Filter>
    </ClInclude>
    <ClInclude Include="Code\Engine\Input\Input.h">
      <Filter>Engine\Input</Filter>
    </ClInclude>
    <ClInclude Include="Code\Engine\Input\KeyState.h">
      <Filter>Engine\Input</Filter>
    </ClInclude>
    <ClInclude Include="Code\Engine\Input\MouseState.h">
      <Filter>Engine\Input</Filter>
    </ClInclude>
    <ClInclude Include="Code\Engine\Renderer\Renderer.h">
      <Filter>Engine\Renderer</Filter>
    </ClInclude>
    <ClInclude Include="Code\Engine\Renderer\RenderLayer.h">
      <Filter>Engine\Renderer</Filter>
    </ClInclude>
    <ClInclude Include="Code\Engine\Renderer\SpriteRenderer.h">
      <Filter>Engine\Renderer</Filter>
    </ClInclude>
    <ClInclude Include="Code\Engine\Renderer\TextRenderer.h">
      <Filter>Engine\Renderer</Filter>
    </ClInclude>
    <ClInclude Include="Code\Engine\Utility\aMath.h">
      <Filter>Engine\Utility</Filter>
    </ClInclude>
    <ClInclude Include="Code\Engine\Utility\Config.h">
      <Filter>Engine\Utility</Filter>
    </ClInclude>
    <ClInclude Include="Code\Engine\Utility\ResourceManager.h">
      <Filter>Engine\Utility</Filter>
    </ClInclude>
    <ClInclude Include="Code\Engine\Utility\Time.h">
      <Filter>Engine\Utility</Filter>
    </ClInclude>
    <ClInclude Include="Code\Engine\Utility\Vector2.h">
      <Filter>Engine\Utility</Filter>
    </ClInclude>
    <ClInclude Include="Code\Engine\Utility\Vector3.h">
      <Filter>Engine\Utility</Filter>
    </ClInclude>
    <ClInclude Include="Code\Engine\Component.h">
      <Filter>Engine\Core</Filter>
    </ClInclude>
    <ClInclude Include="Code\Engine\GameObject.h">
      <Filter>Engine\Core</Filter>
    </ClInclude>
    <ClInclude Include="Code\Engine\Scene.h">
      <Filter>Engine\Core</Filter>
    </ClInclude>
    <ClInclude Include="Code\Engine\Transform.h">
      <Filter>Engine\Core</Filter>
    </ClInclude>
    <ClInclude Include="Code\Engine\Renderer\Texture.h">
      <Filter>Engine\Renderer</Filter>
    </ClInclude>
    <ClInclude Include="Code\Engine\Renderer\Window.h">
      <Filter>Engine\Renderer</Filter>
    </ClInclude>
    <ClInclude Include="Code\Engine\Renderer\Camera.h">
      <Filter>Engine\Renderer</Filter>
    </ClInclude>
    <ClInclude Include="Code\Testing\FPSTextUpdateComponent.h" />
    <ClInclude Include="Code\Testing\MoveCameraComponent.h" />
    <ClInclude Include="Code\Testing\MouseComponent.h" />
    <ClInclude Include="Code\Testing\RotateToMouseCursorComponent.h" />
    <ClInclude Include="Code\Testing\PlaySoundOnButtonPressComponent.h" />
    <ClInclude Include="Code\Testing\TestingScene.h" />
    <ClInclude Include="Code\Testing\ConstantRotationComponent.h" />
  </ItemGroup>
</Project>